
Microsoft Visual Studio Solution File, Format Version 12.00
# Visual Studio Version 17
VisualStudioVersion = 17.14.36212.18 d17.14
MinimumVisualStudioVersion = 10.0.40219.1
Project("{FAE04EC0-301F-11D3-BF4B-00C04F79EFBC}") = "NumberOfStepsToReduceANumberToZero", "NumberOfStepsToReduceANumberToZero\NumberOfStepsToReduceANumberToZero.csproj", "{3B0889EE-EAF4-4459-AD8C-9FC30B02067B}"
EndProject
Project("{FAE04EC0-301F-11D3-BF4B-00C04F79EFBC}") = "UnitTests", "UnitTests\UnitTests.csproj", "{2F35CA92-D303-40BF-A9AE-638C70458364}"
EndProject
Global
	GlobalSection(SolutionConfigurationPlatforms) = preSolution
		Debug|Any CPU = Debug|Any CPU
		Release|Any CPU = Release|Any CPU
	EndGlobalSection
	GlobalSection(ProjectConfigurationPlatforms) = postSolution
		{3B0889EE-EAF4-4459-AD8C-9FC30B02067B}.Debug|Any CPU.ActiveCfg = Debug|Any CPU
		{3B0889EE-EAF4-4459-AD8C-9FC30B02067B}.Debug|Any CPU.Build.0 = Debug|Any CPU
		{3B0889EE-EAF4-4459-AD8C-9FC30B02067B}.Release|Any CPU.ActiveCfg = Release|Any CPU
		{3B0889EE-EAF4-4459-AD8C-9FC30B02067B}.Release|Any CPU.Build.0 = Release|Any CPU
		{2F35CA92-D303-40BF-A9AE-638C70458364}.Debug|Any CPU.ActiveCfg = Debug|Any CPU
		{2F35CA92-D303-40BF-A9AE-638C70458364}.Debug|Any CPU.Build.0 = Debug|Any CPU
		{2F35CA92-D303-40BF-A9AE-638C70458364}.Release|Any CPU.ActiveCfg = Release|Any CPU
		{2F35CA92-D303-40BF-A9AE-638C70458364}.Release|Any CPU.Build.0 = Release|Any CPU
	EndGlobalSection
	GlobalSection(SolutionProperties) = preSolution
		HideSolutionNode = FALSE
	EndGlobalSection
	GlobalSection(ExtensibilityGlobals) = postSolution
		SolutionGuid = {EC827CB6-1C9C-4937-84E9-1AF4AB2AAD11}
	EndGlobalSection
EndGlobal
