
Microsoft Visual Studio Solution File, Format Version 12.00
# Visual Studio Version 17
VisualStudioVersion = 17.14.36203.30 d17.14
MinimumVisualStudioVersion = 10.0.40219.1
Project("{FAE04EC0-301F-11D3-BF4B-00C04F79EFBC}") = "FindEvenNumberOfDigits", "FindEvenNumberOfDigits\FindEvenNumberOfDigits.csproj", "{7FC07F09-87B9-4FC8-9172-64CF8DE6122F}"
EndProject
Project("{FAE04EC0-301F-11D3-BF4B-00C04F79EFBC}") = "UnitTests", "UnitTests\UnitTests.csproj", "{F07797F4-7CF6-4BA3-8A06-71CEBA2A7D4D}"
EndProject
Global
	GlobalSection(SolutionConfigurationPlatforms) = preSolution
		Debug|Any CPU = Debug|Any CPU
		Release|Any CPU = Release|Any CPU
	EndGlobalSection
	GlobalSection(ProjectConfigurationPlatforms) = postSolution
		{7FC07F09-87B9-4FC8-9172-64CF8DE6122F}.Debug|Any CPU.ActiveCfg = Debug|Any CPU
		{7FC07F09-87B9-4FC8-9172-64CF8DE6122F}.Debug|Any CPU.Build.0 = Debug|Any CPU
		{7FC07F09-87B9-4FC8-9172-64CF8DE6122F}.Release|Any CPU.ActiveCfg = Release|Any CPU
		{7FC07F09-87B9-4FC8-9172-64CF8DE6122F}.Release|Any CPU.Build.0 = Release|Any CPU
		{F07797F4-7CF6-4BA3-8A06-71CEBA2A7D4D}.Debug|Any CPU.ActiveCfg = Debug|Any CPU
		{F07797F4-7CF6-4BA3-8A06-71CEBA2A7D4D}.Debug|Any CPU.Build.0 = Debug|Any CPU
		{F07797F4-7CF6-4BA3-8A06-71CEBA2A7D4D}.Release|Any CPU.ActiveCfg = Release|Any CPU
		{F07797F4-7CF6-4BA3-8A06-71CEBA2A7D4D}.Release|Any CPU.Build.0 = Release|Any CPU
	EndGlobalSection
	GlobalSection(SolutionProperties) = preSolution
		HideSolutionNode = FALSE
	EndGlobalSection
	GlobalSection(ExtensibilityGlobals) = postSolution
		SolutionGuid = {F909E48F-7ED5-4DB6-BE4F-8D084012DA9C}
	EndGlobalSection
EndGlobal
