
Microsoft Visual Studio Solution File, Format Version 12.00
# Visual Studio Version 17
VisualStudioVersion = 17.14.36212.18 d17.14
MinimumVisualStudioVersion = 10.0.40219.1
Project("{FAE04EC0-301F-11D3-BF4B-00C04F79EFBC}") = "DuplicateZeros", "DuplicateZeros\DuplicateZeros.csproj", "{203988BF-51AB-46A4-AEB5-E20D01B651CD}"
EndProject
Project("{FAE04EC0-301F-11D3-BF4B-00C04F79EFBC}") = "UnitTests", "UnitTests\UnitTests.csproj", "{C7B12617-86FA-41D9-ACD7-C0EE6F1AE809}"
EndProject
Global
	GlobalSection(SolutionConfigurationPlatforms) = preSolution
		Debug|Any CPU = Debug|Any CPU
		Release|Any CPU = Release|Any CPU
	EndGlobalSection
	GlobalSection(ProjectConfigurationPlatforms) = postSolution
		{203988BF-51AB-46A4-AEB5-E20D01B651CD}.Debug|Any CPU.ActiveCfg = Debug|Any CPU
		{203988BF-51AB-46A4-AEB5-E20D01B651CD}.Debug|Any CPU.Build.0 = Debug|Any CPU
		{203988BF-51AB-46A4-AEB5-E20D01B651CD}.Release|Any CPU.ActiveCfg = Release|Any CPU
		{203988BF-51AB-46A4-AEB5-E20D01B651CD}.Release|Any CPU.Build.0 = Release|Any CPU
		{C7B12617-86FA-41D9-ACD7-C0EE6F1AE809}.Debug|Any CPU.ActiveCfg = Debug|Any CPU
		{C7B12617-86FA-41D9-ACD7-C0EE6F1AE809}.Debug|Any CPU.Build.0 = Debug|Any CPU
		{C7B12617-86FA-41D9-ACD7-C0EE6F1AE809}.Release|Any CPU.ActiveCfg = Release|Any CPU
		{C7B12617-86FA-41D9-ACD7-C0EE6F1AE809}.Release|Any CPU.Build.0 = Release|Any CPU
	EndGlobalSection
	GlobalSection(SolutionProperties) = preSolution
		HideSolutionNode = FALSE
	EndGlobalSection
	GlobalSection(ExtensibilityGlobals) = postSolution
		SolutionGuid = {676755A9-43E2-42C3-BACB-00BFD60E147B}
	EndGlobalSection
EndGlobal
