
Microsoft Visual Studio Solution File, Format Version 12.00
# Visual Studio Version 17
VisualStudioVersion = 17.14.36203.30 d17.14
MinimumVisualStudioVersion = 10.0.40219.1
Project("{FAE04EC0-301F-11D3-BF4B-00C04F79EFBC}") = "SquaresOfSortedArray", "SquaresOfSortedArray\SquaresOfSortedArray.csproj", "{0E5123B4-90D6-4547-B2ED-CC7952C2B59D}"
EndProject
Project("{FAE04EC0-301F-11D3-BF4B-00C04F79EFBC}") = "UnitTests", "UnitTests\UnitTests.csproj", "{0AF3C875-4F40-4523-85A3-62997CB309FB}"
EndProject
Global
	GlobalSection(SolutionConfigurationPlatforms) = preSolution
		Debug|Any CPU = Debug|Any CPU
		Release|Any CPU = Release|Any CPU
	EndGlobalSection
	GlobalSection(ProjectConfigurationPlatforms) = postSolution
		{0E5123B4-90D6-4547-B2ED-CC7952C2B59D}.Debug|Any CPU.ActiveCfg = Debug|Any CPU
		{0E5123B4-90D6-4547-B2ED-CC7952C2B59D}.Debug|Any CPU.Build.0 = Debug|Any CPU
		{0E5123B4-90D6-4547-B2ED-CC7952C2B59D}.Release|Any CPU.ActiveCfg = Release|Any CPU
		{0E5123B4-90D6-4547-B2ED-CC7952C2B59D}.Release|Any CPU.Build.0 = Release|Any CPU
		{0AF3C875-4F40-4523-85A3-62997CB309FB}.Debug|Any CPU.ActiveCfg = Debug|Any CPU
		{0AF3C875-4F40-4523-85A3-62997CB309FB}.Debug|Any CPU.Build.0 = Debug|Any CPU
		{0AF3C875-4F40-4523-85A3-62997CB309FB}.Release|Any CPU.ActiveCfg = Release|Any CPU
		{0AF3C875-4F40-4523-85A3-62997CB309FB}.Release|Any CPU.Build.0 = Release|Any CPU
	EndGlobalSection
	GlobalSection(SolutionProperties) = preSolution
		HideSolutionNode = FALSE
	EndGlobalSection
	GlobalSection(ExtensibilityGlobals) = postSolution
		SolutionGuid = {F29CA5B6-7186-4397-8DD0-B418D17B1B19}
	EndGlobalSection
EndGlobal
