
Microsoft Visual Studio Solution File, Format Version 12.00
# Visual Studio Version 17
VisualStudioVersion = 17.14.36203.30 d17.14
MinimumVisualStudioVersion = 10.0.40219.1
Project("{FAE04EC0-301F-11D3-BF4B-00C04F79EFBC}") = "ReplaceGreatestOnRight", "ReplaceGreatestOnRight\ReplaceGreatestOnRight.csproj", "{E76B8F80-EE0D-475E-87E7-C9F5C5FCE489}"
EndProject
Project("{FAE04EC0-301F-11D3-BF4B-00C04F79EFBC}") = "UnitTests", "UnitTests\UnitTests.csproj", "{40348920-03F6-4981-8851-E743330C9F89}"
EndProject
Global
	GlobalSection(SolutionConfigurationPlatforms) = preSolution
		Debug|Any CPU = Debug|Any CPU
		Release|Any CPU = Release|Any CPU
	EndGlobalSection
	GlobalSection(ProjectConfigurationPlatforms) = postSolution
		{E76B8F80-EE0D-475E-87E7-C9F5C5FCE489}.Debug|Any CPU.ActiveCfg = Debug|Any CPU
		{E76B8F80-EE0D-475E-87E7-C9F5C5FCE489}.Debug|Any CPU.Build.0 = Debug|Any CPU
		{E76B8F80-EE0D-475E-87E7-C9F5C5FCE489}.Release|Any CPU.ActiveCfg = Release|Any CPU
		{E76B8F80-EE0D-475E-87E7-C9F5C5FCE489}.Release|Any CPU.Build.0 = Release|Any CPU
		{40348920-03F6-4981-8851-E743330C9F89}.Debug|Any CPU.ActiveCfg = Debug|Any CPU
		{40348920-03F6-4981-8851-E743330C9F89}.Debug|Any CPU.Build.0 = Debug|Any CPU
		{40348920-03F6-4981-8851-E743330C9F89}.Release|Any CPU.ActiveCfg = Release|Any CPU
		{40348920-03F6-4981-8851-E743330C9F89}.Release|Any CPU.Build.0 = Release|Any CPU
	EndGlobalSection
	GlobalSection(SolutionProperties) = preSolution
		HideSolutionNode = FALSE
	EndGlobalSection
	GlobalSection(ExtensibilityGlobals) = postSolution
		SolutionGuid = {FD23058D-89C1-447D-8EA6-AC9214D9FE0C}
	EndGlobalSection
EndGlobal
