
Microsoft Visual Studio Solution File, Format Version 12.00
# Visual Studio Version 17
VisualStudioVersion = 17.14.36212.18 d17.14
MinimumVisualStudioVersion = 10.0.40219.1
Project("{FAE04EC0-301F-11D3-BF4B-00C04F79EFBC}") = "MergeSortedArray", "MergeSortedArray\MergeSortedArray.csproj", "{161F2D89-5CE9-4CDA-8A04-D8418340B85C}"
EndProject
Project("{FAE04EC0-301F-11D3-BF4B-00C04F79EFBC}") = "UnitTests", "UnitTests\UnitTests.csproj", "{E428445E-DD75-468E-AEF9-AFDBAE34286D}"
EndProject
Global
	GlobalSection(SolutionConfigurationPlatforms) = preSolution
		Debug|Any CPU = Debug|Any CPU
		Release|Any CPU = Release|Any CPU
	EndGlobalSection
	GlobalSection(ProjectConfigurationPlatforms) = postSolution
		{161F2D89-5CE9-4CDA-8A04-D8418340B85C}.Debug|Any CPU.ActiveCfg = Debug|Any CPU
		{161F2D89-5CE9-4CDA-8A04-D8418340B85C}.Debug|Any CPU.Build.0 = Debug|Any CPU
		{161F2D89-5CE9-4CDA-8A04-D8418340B85C}.Release|Any CPU.ActiveCfg = Release|Any CPU
		{161F2D89-5CE9-4CDA-8A04-D8418340B85C}.Release|Any CPU.Build.0 = Release|Any CPU
		{E428445E-DD75-468E-AEF9-AFDBAE34286D}.Debug|Any CPU.ActiveCfg = Debug|Any CPU
		{E428445E-DD75-468E-AEF9-AFDBAE34286D}.Debug|Any CPU.Build.0 = Debug|Any CPU
		{E428445E-DD75-468E-AEF9-AFDBAE34286D}.Release|Any CPU.ActiveCfg = Release|Any CPU
		{E428445E-DD75-468E-AEF9-AFDBAE34286D}.Release|Any CPU.Build.0 = Release|Any CPU
	EndGlobalSection
	GlobalSection(SolutionProperties) = preSolution
		HideSolutionNode = FALSE
	EndGlobalSection
	GlobalSection(ExtensibilityGlobals) = postSolution
		SolutionGuid = {FE8E586F-F317-4F31-A57D-161BC8572AAC}
	EndGlobalSection
EndGlobal
